
Microsoft Visual Studio Solution File, Format Version 12.00
# Visual Studio Version 17
VisualStudioVersion = 17.4.33205.214
MinimumVisualStudioVersion = 10.0.40219.1
Project("{FAE04EC0-301F-11D3-BF4B-00C04F79EFBC}") = "PortainerTest", "PortainerTest\PortainerTest.csproj", "{8808DAE7-89DE-44D0-85BA-DA0A9DE1C468}"
EndProject
Project("{E53339B2-1760-4266-BCC7-CA923CBCF16C}") = "docker-compose", "docker-compose.dcproj", "{D3DEE5EA-7545-4D9C-881F-F9FFF6A05AE8}"
EndProject
Global
	GlobalSection(SolutionConfigurationPlatforms) = preSolution
		Debug|Any CPU = Debug|Any CPU
		Release|Any CPU = Release|Any CPU
	EndGlobalSection
	GlobalSection(ProjectConfigurationPlatforms) = postSolution
		{8808DAE7-89DE-44D0-85BA-DA0A9DE1C468}.Debug|Any CPU.ActiveCfg = Debug|Any CPU
		{8808DAE7-89DE-44D0-85BA-DA0A9DE1C468}.Debug|Any CPU.Build.0 = Debug|Any CPU
		{8808DAE7-89DE-44D0-85BA-DA0A9DE1C468}.Release|Any CPU.ActiveCfg = Release|Any CPU
		{8808DAE7-89DE-44D0-85BA-DA0A9DE1C468}.Release|Any CPU.Build.0 = Release|Any CPU
		{D3DEE5EA-7545-4D9C-881F-F9FFF6A05AE8}.Debug|Any CPU.ActiveCfg = Debug|Any CPU
		{D3DEE5EA-7545-4D9C-881F-F9FFF6A05AE8}.Debug|Any CPU.Build.0 = Debug|Any CPU
		{D3DEE5EA-7545-4D9C-881F-F9FFF6A05AE8}.Release|Any CPU.ActiveCfg = Release|Any CPU
		{D3DEE5EA-7545-4D9C-881F-F9FFF6A05AE8}.Release|Any CPU.Build.0 = Release|Any CPU
	EndGlobalSection
	GlobalSection(SolutionProperties) = preSolution
		HideSolutionNode = FALSE
	EndGlobalSection
	GlobalSection(ExtensibilityGlobals) = postSolution
		SolutionGuid = {D49AF13B-0396-4E1A-87A7-DBC93CD81832}
	EndGlobalSection
EndGlobal
